
Microsoft Visual Studio Solution File, Format Version 12.00
# Visual Studio Version 17
VisualStudioVersion = 17.11.35312.102
MinimumVisualStudioVersion = 10.0.40219.1
Project("{FAE04EC0-301F-11D3-BF4B-00C04F79EFBC}") = "SpankBank1", "SpankBank1.csproj", "{F9BB0FAB-C894-42FE-86E2-4407DEDA3ACB}"
EndProject
Global
	GlobalSection(SolutionConfigurationPlatforms) = preSolution
		Debug|Any CPU = Debug|Any CPU
		Release|Any CPU = Release|Any CPU
	EndGlobalSection
	GlobalSection(ProjectConfigurationPlatforms) = postSolution
		{F9BB0FAB-C894-42FE-86E2-4407DEDA3ACB}.Debug|Any CPU.ActiveCfg = Debug|Any CPU
		{F9BB0FAB-C894-42FE-86E2-4407DEDA3ACB}.Debug|Any CPU.Build.0 = Debug|Any CPU
		{F9BB0FAB-C894-42FE-86E2-4407DEDA3ACB}.Release|Any CPU.ActiveCfg = Release|Any CPU
		{F9BB0FAB-C894-42FE-86E2-4407DEDA3ACB}.Release|Any CPU.Build.0 = Release|Any CPU
	EndGlobalSection
	GlobalSection(SolutionProperties) = preSolution
		HideSolutionNode = FALSE
	EndGlobalSection
	GlobalSection(ExtensibilityGlobals) = postSolution
		SolutionGuid = {9A707DED-368C-4DA5-A5E4-F1A7214E7EE7}
	EndGlobalSection
EndGlobal
